{
  "name": "buyright-mvp",
  "version": "1.0.0",
  "lockfileVersion": 2,
  "requires": true,
  "packages": {
    "": {
      "name": "buyright-mvp",
      "version": "1.0.0",
      "dependencies": {
        "jspdf": "^2.5.1",
        "next": "13.4.19",
        "react": "18.2.0",
        "react-dom": "18.2.0"
      }
    },
    "node_modules/jspdf": {
      "version": "2.5.1",
      "resolved": "https://registry.npmjs.org/jspdf/-/jspdf-2.5.1.tgz",
      "integrity": "sha512-QB3WhM7coJ+91lM8OCiEjwPjJgRV+oFElBYVGJhzpnmIUI3md+j1J3N1Fg6FdsvuLHX+4LO5R2M5Gy09uwxKrg=="
    },
    "node_modules/next": {
      "version": "13.4.19"
    },
    "node_modules/react": {
      "version": "18.2.0"
    },
    "node_modules/react-dom": {
      "version": "18.2.0"
    }
  }
}